# This file is autogenerated, do not edit; changes may be undone by the next 'dep ensure'.


[[projects]]
  name = "github.com/go-telegram-bot-api/telegram-bot-api"
  packages = ["."]
  revision = "0a57807db79efce7f6719fbb2c0e0f83fda79aec"
  version = "v4.6"

[[projects]]
  name = "github.com/technoweenie/multipartstreamer"
  packages = ["."]
  revision = "a90a01d73ae432e2611d178c18367fbaa13e0154"
  version = "v1.0.1"

[solve-meta]
  analyzer-name = "dep"
  analyzer-version = 1
  inputs-digest = "87106afb82770a316ca1d8ffbfa7f600620a7d44dbd5e920f60d4b96808b1233"
  solver-name = "gps-cdcl"
  solver-version = 1
